{
  "name": "gladys-bluetooth",
  "version": "1.0.0",
  "lockfileVersion": 1,
  "requires": true,
  "dependencies": {
    "@sblendid/adapter-node": {
      "version": "0.3.0",
      "resolved": "https://registry.npmjs.org/@sblendid/adapter-node/-/adapter-node-0.3.0.tgz",
      "integrity": "sha512-3t1kWybo5Xwe3XKx0hH6rD9ziO8IzPvHcKzG8vPZtXgXW8DekQJml4dzHMQmZZrWTOTuxAXIIV4GIRv7BjANDQ=="
    },
    "@sblendid/sblendid": {
      "version": "0.3.0",
      "resolved": "https://registry.npmjs.org/@sblendid/sblendid/-/sblendid-0.3.0.tgz",
      "integrity": "sha512-S5zVaFT1JeX6UznLWbY8E5XiuO0AfDst1i5L7HnTtwo83iIjgzW4oXpCJx89oebgZnZkaHubBxItRlybTVFO4A=="
    }
  }
}
